
Microsoft Visual Studio Solution File, Format Version 12.00
# Visual Studio Version 16
VisualStudioVersion = 16.0.30804.86
MinimumVisualStudioVersion = 10.0.40219.1
Project("{FAE04EC0-301F-11D3-BF4B-00C04F79EFBC}") = "FinalProject", "FinalProject\FinalProject.csproj", "{DABBE06E-98DC-45E3-8DB2-0A9B4F3D7F31}"
EndProject
Global
	GlobalSection(SolutionConfigurationPlatforms) = preSolution
		Debug|Any CPU = Debug|Any CPU
		Release|Any CPU = Release|Any CPU
	EndGlobalSection
	GlobalSection(ProjectConfigurationPlatforms) = postSolution
		{DABBE06E-98DC-45E3-8DB2-0A9B4F3D7F31}.Debug|Any CPU.ActiveCfg = Debug|Any CPU
		{DABBE06E-98DC-45E3-8DB2-0A9B4F3D7F31}.Debug|Any CPU.Build.0 = Debug|Any CPU
		{DABBE06E-98DC-45E3-8DB2-0A9B4F3D7F31}.Release|Any CPU.ActiveCfg = Release|Any CPU
		{DABBE06E-98DC-45E3-8DB2-0A9B4F3D7F31}.Release|Any CPU.Build.0 = Release|Any CPU
	EndGlobalSection
	GlobalSection(SolutionProperties) = preSolution
		HideSolutionNode = FALSE
	EndGlobalSection
	GlobalSection(ExtensibilityGlobals) = postSolution
		SolutionGuid = {83695B7F-326F-4AC9-BEAD-7289C5FC502F}
	EndGlobalSection
EndGlobal
